{
  "version": "3",
  "packages": {
    "specifiers": {
      "jsr:@cross/runtime@^1.0.0": "jsr:@cross/runtime@1.1.0",
      "jsr:@cross/test@^0.0.10": "jsr:@cross/test@0.0.10",
      "jsr:@std/assert@^1.0.0": "jsr:@std/assert@1.0.13",
      "jsr:@std/internal@^1.0.6": "jsr:@std/internal@1.0.7",
      "npm:@types/node": "npm:@types/node@18.16.19"
    },
    "jsr": {
      "@cross/runtime@1.1.0": {
        "integrity": "f35a3b768a9de125277329483b684062ffc9ee86f4449cb8b3d614adcad64ffb"
      },
      "@cross/test@0.0.10": {
        "integrity": "5f235cdd927d5551d692bc413458625552d299bc5471baf18180e4287cf4ac20",
        "dependencies": [
          "jsr:@cross/runtime@^1.0.0"
        ]
      },
      "@std/assert@1.0.13": {
        "integrity": "ae0d31e41919b12c656c742b22522c32fb26ed0cba32975cb0de2a273cb68b29",
        "dependencies": [
          "jsr:@std/internal@^1.0.6"
        ]
      },
      "@std/internal@1.0.7": {
        "integrity": "39eeb5265190a7bc5d5591c9ff019490bd1f2c3907c044a11b0d545796158a0f"
      }
    },
    "npm": {
      "@types/node@18.16.19": {
        "integrity": "sha512-IXl7o+R9iti9eBW4Wg2hx1xQDig183jj7YLn8F7udNceyfkbn1ZxmzZXuak20gR40D7pIkIY1kYGx5VIGbaHKA==",
        "dependencies": {}
      }
    }
  },
  "remote": {},
  "workspace": {
    "dependencies": [
      "jsr:@cross/test@^0.0.10",
      "jsr:@std/assert@^1.0.0"
    ]
  }
}
